
Microsoft Visual Studio Solution File, Format Version 12.00
# Visual Studio Version 17
VisualStudioVersion = 17.2.32516.85
MinimumVisualStudioVersion = 10.0.40219.1
Project("{FAE04EC0-301F-11D3-BF4B-00C04F79EFBC}") = "BoxOfT", "BoxOfT\BoxOfT.csproj", "{5FBD72FA-E796-49EB-9B77-FBE29617EC6F}"
EndProject
Project("{FAE04EC0-301F-11D3-BF4B-00C04F79EFBC}") = "GenericArrayCreator", "GenericArrayCreator\GenericArrayCreator.csproj", "{F8BBFCEA-B685-4E26-90C2-981923398AA6}"
EndProject
Project("{FAE04EC0-301F-11D3-BF4B-00C04F79EFBC}") = "GenericScale", "GenericScale\GenericScale.csproj", "{31DA1D7C-075A-4045-A612-A752FE451EAA}"
EndProject
Global
	GlobalSection(SolutionConfigurationPlatforms) = preSolution
		Debug|Any CPU = Debug|Any CPU
		Release|Any CPU = Release|Any CPU
	EndGlobalSection
	GlobalSection(ProjectConfigurationPlatforms) = postSolution
		{5FBD72FA-E796-49EB-9B77-FBE29617EC6F}.Debug|Any CPU.ActiveCfg = Debug|Any CPU
		{5FBD72FA-E796-49EB-9B77-FBE29617EC6F}.Debug|Any CPU.Build.0 = Debug|Any CPU
		{5FBD72FA-E796-49EB-9B77-FBE29617EC6F}.Release|Any CPU.ActiveCfg = Release|Any CPU
		{5FBD72FA-E796-49EB-9B77-FBE29617EC6F}.Release|Any CPU.Build.0 = Release|Any CPU
		{F8BBFCEA-B685-4E26-90C2-981923398AA6}.Debug|Any CPU.ActiveCfg = Debug|Any CPU
		{F8BBFCEA-B685-4E26-90C2-981923398AA6}.Debug|Any CPU.Build.0 = Debug|Any CPU
		{F8BBFCEA-B685-4E26-90C2-981923398AA6}.Release|Any CPU.ActiveCfg = Release|Any CPU
		{F8BBFCEA-B685-4E26-90C2-981923398AA6}.Release|Any CPU.Build.0 = Release|Any CPU
		{31DA1D7C-075A-4045-A612-A752FE451EAA}.Debug|Any CPU.ActiveCfg = Debug|Any CPU
		{31DA1D7C-075A-4045-A612-A752FE451EAA}.Debug|Any CPU.Build.0 = Debug|Any CPU
		{31DA1D7C-075A-4045-A612-A752FE451EAA}.Release|Any CPU.ActiveCfg = Release|Any CPU
		{31DA1D7C-075A-4045-A612-A752FE451EAA}.Release|Any CPU.Build.0 = Release|Any CPU
	EndGlobalSection
	GlobalSection(SolutionProperties) = preSolution
		HideSolutionNode = FALSE
	EndGlobalSection
	GlobalSection(ExtensibilityGlobals) = postSolution
		SolutionGuid = {E2B71124-C299-497E-A52F-86F42FEAE491}
	EndGlobalSection
EndGlobal
