
Microsoft Visual Studio Solution File, Format Version 12.00
# Visual Studio Version 17
VisualStudioVersion = 17.2.32516.85
MinimumVisualStudioVersion = 10.0.40219.1
Project("{9A19103F-16F7-4668-BE54-9A1E7A4F7556}") = "BasicStackOperations", "BasicStackOperations\BasicStackOperations.csproj", "{A3929A4D-0645-41DC-B334-037343DADA73}"
EndProject
Project("{FAE04EC0-301F-11D3-BF4B-00C04F79EFBC}") = "BasicQueueOperations", "BasicQueueOperations\BasicQueueOperations.csproj", "{58DF519E-1192-46B7-8413-B153CAD0308A}"
EndProject
Project("{FAE04EC0-301F-11D3-BF4B-00C04F79EFBC}") = "MaximumAndMinimumElement", "MaximumAndMinimumElement\MaximumAndMinimumElement.csproj", "{7FE6C43D-6CE8-42B6-9E6B-BC1ACF60D5DA}"
EndProject
Project("{FAE04EC0-301F-11D3-BF4B-00C04F79EFBC}") = "FastFood", "FastFood\FastFood.csproj", "{6869740B-348A-40D2-98F8-27FCB87708C9}"
EndProject
Global
	GlobalSection(SolutionConfigurationPlatforms) = preSolution
		Debug|Any CPU = Debug|Any CPU
		Release|Any CPU = Release|Any CPU
	EndGlobalSection
	GlobalSection(ProjectConfigurationPlatforms) = postSolution
		{A3929A4D-0645-41DC-B334-037343DADA73}.Debug|Any CPU.ActiveCfg = Debug|Any CPU
		{A3929A4D-0645-41DC-B334-037343DADA73}.Debug|Any CPU.Build.0 = Debug|Any CPU
		{A3929A4D-0645-41DC-B334-037343DADA73}.Release|Any CPU.ActiveCfg = Release|Any CPU
		{A3929A4D-0645-41DC-B334-037343DADA73}.Release|Any CPU.Build.0 = Release|Any CPU
		{58DF519E-1192-46B7-8413-B153CAD0308A}.Debug|Any CPU.ActiveCfg = Debug|Any CPU
		{58DF519E-1192-46B7-8413-B153CAD0308A}.Debug|Any CPU.Build.0 = Debug|Any CPU
		{58DF519E-1192-46B7-8413-B153CAD0308A}.Release|Any CPU.ActiveCfg = Release|Any CPU
		{58DF519E-1192-46B7-8413-B153CAD0308A}.Release|Any CPU.Build.0 = Release|Any CPU
		{7FE6C43D-6CE8-42B6-9E6B-BC1ACF60D5DA}.Debug|Any CPU.ActiveCfg = Debug|Any CPU
		{7FE6C43D-6CE8-42B6-9E6B-BC1ACF60D5DA}.Debug|Any CPU.Build.0 = Debug|Any CPU
		{7FE6C43D-6CE8-42B6-9E6B-BC1ACF60D5DA}.Release|Any CPU.ActiveCfg = Release|Any CPU
		{7FE6C43D-6CE8-42B6-9E6B-BC1ACF60D5DA}.Release|Any CPU.Build.0 = Release|Any CPU
		{6869740B-348A-40D2-98F8-27FCB87708C9}.Debug|Any CPU.ActiveCfg = Debug|Any CPU
		{6869740B-348A-40D2-98F8-27FCB87708C9}.Debug|Any CPU.Build.0 = Debug|Any CPU
		{6869740B-348A-40D2-98F8-27FCB87708C9}.Release|Any CPU.ActiveCfg = Release|Any CPU
		{6869740B-348A-40D2-98F8-27FCB87708C9}.Release|Any CPU.Build.0 = Release|Any CPU
	EndGlobalSection
	GlobalSection(SolutionProperties) = preSolution
		HideSolutionNode = FALSE
	EndGlobalSection
	GlobalSection(ExtensibilityGlobals) = postSolution
		SolutionGuid = {A5636448-FE50-442C-855D-A71FD0648918}
	EndGlobalSection
EndGlobal
