
Microsoft Visual Studio Solution File, Format Version 12.00
# Visual Studio Version 17
VisualStudioVersion = 17.3.32929.385
MinimumVisualStudioVersion = 10.0.40219.1
Project("{FAE04EC0-301F-11D3-BF4B-00C04F79EFBC}") = "FundamentalsTets", "FundamentalsTets\FundamentalsTets.csproj", "{ED6D70BE-19FB-4EE0-8D9D-AF67E495AB0A}"
EndProject
Global
	GlobalSection(SolutionConfigurationPlatforms) = preSolution
		Debug|Any CPU = Debug|Any CPU
		Release|Any CPU = Release|Any CPU
	EndGlobalSection
	GlobalSection(ProjectConfigurationPlatforms) = postSolution
		{ED6D70BE-19FB-4EE0-8D9D-AF67E495AB0A}.Debug|Any CPU.ActiveCfg = Debug|Any CPU
		{ED6D70BE-19FB-4EE0-8D9D-AF67E495AB0A}.Debug|Any CPU.Build.0 = Debug|Any CPU
		{ED6D70BE-19FB-4EE0-8D9D-AF67E495AB0A}.Release|Any CPU.ActiveCfg = Release|Any CPU
		{ED6D70BE-19FB-4EE0-8D9D-AF67E495AB0A}.Release|Any CPU.Build.0 = Release|Any CPU
	EndGlobalSection
	GlobalSection(SolutionProperties) = preSolution
		HideSolutionNode = FALSE
	EndGlobalSection
	GlobalSection(ExtensibilityGlobals) = postSolution
		SolutionGuid = {4627C9AE-5B7B-43CC-9147-F188C54480AF}
	EndGlobalSection
EndGlobal
