
Microsoft Visual Studio Solution File, Format Version 12.00
# Visual Studio Version 17
VisualStudioVersion = 17.3.32929.385
MinimumVisualStudioVersion = 10.0.40219.1
Project("{FAE04EC0-301F-11D3-BF4B-00C04F79EFBC}") = "Diagonal Difference", "Diagonal Difference\Diagonal Difference.csproj", "{D49B06DD-933A-4EE3-9ED8-138586D3025E}"
EndProject
Project("{FAE04EC0-301F-11D3-BF4B-00C04F79EFBC}") = "SnakeMoves", "SnakeMoves\SnakeMoves.csproj", "{93803C0E-D51E-4A90-8ECE-6873EBE75351}"
EndProject
Project("{FAE04EC0-301F-11D3-BF4B-00C04F79EFBC}") = "RadioactiveMutantVampireBunnies", "Bombs\RadioactiveMutantVampireBunnies.csproj", "{B2E85FA7-8A42-45A5-965D-AC5530C0FE48}"
EndProject
Global
	GlobalSection(SolutionConfigurationPlatforms) = preSolution
		Debug|Any CPU = Debug|Any CPU
		Release|Any CPU = Release|Any CPU
	EndGlobalSection
	GlobalSection(ProjectConfigurationPlatforms) = postSolution
		{D49B06DD-933A-4EE3-9ED8-138586D3025E}.Debug|Any CPU.ActiveCfg = Debug|Any CPU
		{D49B06DD-933A-4EE3-9ED8-138586D3025E}.Debug|Any CPU.Build.0 = Debug|Any CPU
		{D49B06DD-933A-4EE3-9ED8-138586D3025E}.Release|Any CPU.ActiveCfg = Release|Any CPU
		{D49B06DD-933A-4EE3-9ED8-138586D3025E}.Release|Any CPU.Build.0 = Release|Any CPU
		{93803C0E-D51E-4A90-8ECE-6873EBE75351}.Debug|Any CPU.ActiveCfg = Debug|Any CPU
		{93803C0E-D51E-4A90-8ECE-6873EBE75351}.Debug|Any CPU.Build.0 = Debug|Any CPU
		{93803C0E-D51E-4A90-8ECE-6873EBE75351}.Release|Any CPU.ActiveCfg = Release|Any CPU
		{93803C0E-D51E-4A90-8ECE-6873EBE75351}.Release|Any CPU.Build.0 = Release|Any CPU
		{B2E85FA7-8A42-45A5-965D-AC5530C0FE48}.Debug|Any CPU.ActiveCfg = Debug|Any CPU
		{B2E85FA7-8A42-45A5-965D-AC5530C0FE48}.Debug|Any CPU.Build.0 = Debug|Any CPU
		{B2E85FA7-8A42-45A5-965D-AC5530C0FE48}.Release|Any CPU.ActiveCfg = Release|Any CPU
		{B2E85FA7-8A42-45A5-965D-AC5530C0FE48}.Release|Any CPU.Build.0 = Release|Any CPU
	EndGlobalSection
	GlobalSection(SolutionProperties) = preSolution
		HideSolutionNode = FALSE
	EndGlobalSection
	GlobalSection(ExtensibilityGlobals) = postSolution
		SolutionGuid = {F368DBD1-0E12-4CB4-80E1-C4F5B16FCE75}
	EndGlobalSection
EndGlobal
