
Microsoft Visual Studio Solution File, Format Version 12.00
# Visual Studio Version 17
VisualStudioVersion = 17.3.32929.385
MinimumVisualStudioVersion = 10.0.40219.1
Project("{FAE04EC0-301F-11D3-BF4B-00C04F79EFBC}") = "Reflection", "Reflection\Reflection.csproj", "{49119246-8ED6-4E83-99A9-C5195F5A44DB}"
EndProject
Global
	GlobalSection(SolutionConfigurationPlatforms) = preSolution
		Debug|Any CPU = Debug|Any CPU
		Release|Any CPU = Release|Any CPU
	EndGlobalSection
	GlobalSection(ProjectConfigurationPlatforms) = postSolution
		{49119246-8ED6-4E83-99A9-C5195F5A44DB}.Debug|Any CPU.ActiveCfg = Debug|Any CPU
		{49119246-8ED6-4E83-99A9-C5195F5A44DB}.Debug|Any CPU.Build.0 = Debug|Any CPU
		{49119246-8ED6-4E83-99A9-C5195F5A44DB}.Release|Any CPU.ActiveCfg = Release|Any CPU
		{49119246-8ED6-4E83-99A9-C5195F5A44DB}.Release|Any CPU.Build.0 = Release|Any CPU
	EndGlobalSection
	GlobalSection(SolutionProperties) = preSolution
		HideSolutionNode = FALSE
	EndGlobalSection
	GlobalSection(ExtensibilityGlobals) = postSolution
		SolutionGuid = {6B644837-3D3E-48AF-85BF-B408148D5705}
	EndGlobalSection
EndGlobal
