
Microsoft Visual Studio Solution File, Format Version 12.00
# Visual Studio Version 17
VisualStudioVersion = 17.3.32929.385
MinimumVisualStudioVersion = 10.0.40219.1
Project("{FAE04EC0-301F-11D3-BF4B-00C04F79EFBC}") = "SostuniFundamentalsTest", "SostuniFundamentalsTest\SostuniFundamentalsTest.csproj", "{E7657F29-3C9A-44DD-88B1-D2C4992CAE7C}"
EndProject
Global
	GlobalSection(SolutionConfigurationPlatforms) = preSolution
		Debug|Any CPU = Debug|Any CPU
		Release|Any CPU = Release|Any CPU
	EndGlobalSection
	GlobalSection(ProjectConfigurationPlatforms) = postSolution
		{E7657F29-3C9A-44DD-88B1-D2C4992CAE7C}.Debug|Any CPU.ActiveCfg = Debug|Any CPU
		{E7657F29-3C9A-44DD-88B1-D2C4992CAE7C}.Debug|Any CPU.Build.0 = Debug|Any CPU
		{E7657F29-3C9A-44DD-88B1-D2C4992CAE7C}.Release|Any CPU.ActiveCfg = Release|Any CPU
		{E7657F29-3C9A-44DD-88B1-D2C4992CAE7C}.Release|Any CPU.Build.0 = Release|Any CPU
	EndGlobalSection
	GlobalSection(SolutionProperties) = preSolution
		HideSolutionNode = FALSE
	EndGlobalSection
	GlobalSection(ExtensibilityGlobals) = postSolution
		SolutionGuid = {A77AD25B-12E2-4725-971A-C84F53137609}
	EndGlobalSection
EndGlobal
