
Microsoft Visual Studio Solution File, Format Version 12.00
# Visual Studio Version 17
VisualStudioVersion = 17.3.32929.385
MinimumVisualStudioVersion = 10.0.40219.1
Project("{8BC9CEB8-8B4A-11D0-8D11-00A0C91BC942}") = "Inheritance_cpp", "Inheritance_cpp\Inheritance_cpp.vcxproj", "{51702612-DBF5-431D-9371-7B3AFED4CC71}"
EndProject
Project("{8BC9CEB8-8B4A-11D0-8D11-00A0C91BC942}") = "Media", "Media\Media.vcxproj", "{84B9E165-95A3-4C98-BEE1-8CC1797BA98A}"
EndProject
Global
	GlobalSection(SolutionConfigurationPlatforms) = preSolution
		Debug|x64 = Debug|x64
		Debug|x86 = Debug|x86
		Release|x64 = Release|x64
		Release|x86 = Release|x86
	EndGlobalSection
	GlobalSection(ProjectConfigurationPlatforms) = postSolution
		{51702612-DBF5-431D-9371-7B3AFED4CC71}.Debug|x64.ActiveCfg = Debug|x64
		{51702612-DBF5-431D-9371-7B3AFED4CC71}.Debug|x64.Build.0 = Debug|x64
		{51702612-DBF5-431D-9371-7B3AFED4CC71}.Debug|x86.ActiveCfg = Debug|Win32
		{51702612-DBF5-431D-9371-7B3AFED4CC71}.Debug|x86.Build.0 = Debug|Win32
		{51702612-DBF5-431D-9371-7B3AFED4CC71}.Release|x64.ActiveCfg = Release|x64
		{51702612-DBF5-431D-9371-7B3AFED4CC71}.Release|x64.Build.0 = Release|x64
		{51702612-DBF5-431D-9371-7B3AFED4CC71}.Release|x86.ActiveCfg = Release|Win32
		{51702612-DBF5-431D-9371-7B3AFED4CC71}.Release|x86.Build.0 = Release|Win32
		{84B9E165-95A3-4C98-BEE1-8CC1797BA98A}.Debug|x64.ActiveCfg = Debug|x64
		{84B9E165-95A3-4C98-BEE1-8CC1797BA98A}.Debug|x64.Build.0 = Debug|x64
		{84B9E165-95A3-4C98-BEE1-8CC1797BA98A}.Debug|x86.ActiveCfg = Debug|Win32
		{84B9E165-95A3-4C98-BEE1-8CC1797BA98A}.Debug|x86.Build.0 = Debug|Win32
		{84B9E165-95A3-4C98-BEE1-8CC1797BA98A}.Release|x64.ActiveCfg = Release|x64
		{84B9E165-95A3-4C98-BEE1-8CC1797BA98A}.Release|x64.Build.0 = Release|x64
		{84B9E165-95A3-4C98-BEE1-8CC1797BA98A}.Release|x86.ActiveCfg = Release|Win32
		{84B9E165-95A3-4C98-BEE1-8CC1797BA98A}.Release|x86.Build.0 = Release|Win32
	EndGlobalSection
	GlobalSection(SolutionProperties) = preSolution
		HideSolutionNode = FALSE
	EndGlobalSection
	GlobalSection(ExtensibilityGlobals) = postSolution
		SolutionGuid = {E2FD6BBA-C1E1-4FDF-A6B4-B21B85726FD5}
	EndGlobalSection
EndGlobal
